// !$*UTF8*$!
{
	archiveVersion = 1;
	classes = {
	};
	objectVersion = 51;
	objects = {

/* Begin PBXBuildFile section */
		4668302058C7CC7BC787AF72 /* Pods_NetImage.framework in Frameworks */ = {isa = PBXBuildFile; fileRef = F1826F2040DADC2C54C9068E /* Pods_NetImage.framework */; };
		57539EA124FFBB870016DAA9 /* MyCollectionViewController.m in Sources */ = {isa = PBXBuildFile; fileRef = 57539EA024FFBB870016DAA9 /* MyCollectionViewController.m */; };
		57539EA424FFC4010016DAA9 /* MyCollectionViewCell.m in Sources */ = {isa = PBXBuildFile; fileRef = 57539EA324FFC4010016DAA9 /* MyCollectionViewCell.m */; };
		57539EA724FFF92A0016DAA9 /* NewCollectionViewCell.m in Sources */ = {isa = PBXBuildFile; fileRef = 57539EA624FFF92A0016DAA9 /* NewCollectionViewCell.m */; };
		575C317524F4D52400922BC4 /* SDWebImageViewController.m in Sources */ = {isa = PBXBuildFile; fileRef = 575C317424F4D52400922BC4 /* SDWebImageViewController.m */; };
		576E4CC124F6338E00AA3C0D /* GIF_two.gif in Resources */ = {isa = PBXBuildFile; fileRef = 576E4CC024F6338E00AA3C0D /* GIF_two.gif */; };
		5774B17024EBCAD600808693 /* PageViewController.m in Sources */ = {isa = PBXBuildFile; fileRef = 5774B16F24EBCAD600808693 /* PageViewController.m */; };
		5783442024E8ED4D0066EC6B /* AppDelegate.m in Sources */ = {isa = PBXBuildFile; fileRef = 5783441F24E8ED4D0066EC6B /* AppDelegate.m */; };
		5783442624E8ED4D0066EC6B /* ViewController.m in Sources */ = {isa = PBXBuildFile; fileRef = 5783442524E8ED4D0066EC6B /* ViewController.m */; };
		5783442924E8ED4D0066EC6B /* Main.storyboard in Resources */ = {isa = PBXBuildFile; fileRef = 5783442724E8ED4D0066EC6B /* Main.storyboard */; };
		5783442B24E8ED500066EC6B /* Assets.xcassets in Resources */ = {isa = PBXBuildFile; fileRef = 5783442A24E8ED500066EC6B /* Assets.xcassets */; };
		5783442E24E8ED500066EC6B /* LaunchScreen.storyboard in Resources */ = {isa = PBXBuildFile; fileRef = 5783442C24E8ED500066EC6B /* LaunchScreen.storyboard */; };
		5783443124E8ED500066EC6B /* main.m in Sources */ = {isa = PBXBuildFile; fileRef = 5783443024E8ED500066EC6B /* main.m */; };
		5783443B24E8ED500066EC6B /* NetImageTests.m in Sources */ = {isa = PBXBuildFile; fileRef = 5783443A24E8ED500066EC6B /* NetImageTests.m */; };
		5783444624E8ED500066EC6B /* NetImageUITests.m in Sources */ = {isa = PBXBuildFile; fileRef = 5783444524E8ED500066EC6B /* NetImageUITests.m */; };
		5783445424E8ED760066EC6B /* sv.png in Resources */ = {isa = PBXBuildFile; fileRef = 5783445324E8ED760066EC6B /* sv.png */; };
		5786927D24F35BCB00DDB2E4 /* TableViewController.m in Sources */ = {isa = PBXBuildFile; fileRef = 5786927C24F35BCB00DDB2E4 /* TableViewController.m */; };
		5786928024F35C6000DDB2E4 /* MyData.m in Sources */ = {isa = PBXBuildFile; fileRef = 5786927F24F35C6000DDB2E4 /* MyData.m */; };
		5786928324F35C7200DDB2E4 /* Student.m in Sources */ = {isa = PBXBuildFile; fileRef = 5786928224F35C7200DDB2E4 /* Student.m */; };
		5786928C24F38D0500DDB2E4 /* MyTableViewCell.m in Sources */ = {isa = PBXBuildFile; fileRef = 5786928B24F38D0500DDB2E4 /* MyTableViewCell.m */; };
		5786928F24F3E0DE00DDB2E4 /* DetailViewController.m in Sources */ = {isa = PBXBuildFile; fileRef = 5786928E24F3E0DE00DDB2E4 /* DetailViewController.m */; };
		57F3CE9324E96E1E0008F355 /* SHNewViewController.m in Sources */ = {isa = PBXBuildFile; fileRef = 57F3CE9224E96E1E0008F355 /* SHNewViewController.m */; };
		894D699556CE905483396139 /* Pods_NetImage_NetImageUITests.framework in Frameworks */ = {isa = PBXBuildFile; fileRef = 6DA7329E29DBEFFE78CDC3A3 /* Pods_NetImage_NetImageUITests.framework */; };
		CCF7CFDC19FDED86348B8845 /* Pods_NetImageTests.framework in Frameworks */ = {isa = PBXBuildFile; fileRef = 5F3964EEE737FB3319557204 /* Pods_NetImageTests.framework */; };
/* End PBXBuildFile section */

/* Begin PBXContainerItemProxy section */
		5783443724E8ED500066EC6B /* PBXContainerItemProxy */ = {
			isa = PBXContainerItemProxy;
			containerPortal = 5783441324E8ED4D0066EC6B /* Project object */;
			proxyType = 1;
			remoteGlobalIDString = 5783441A24E8ED4D0066EC6B;
			remoteInfo = NetImage;
		};
		5783444224E8ED500066EC6B /* PBXContainerItemProxy */ = {
			isa = PBXContainerItemProxy;
			containerPortal = 5783441324E8ED4D0066EC6B /* Project object */;
			proxyType = 1;
			remoteGlobalIDString = 5783441A24E8ED4D0066EC6B;
			remoteInfo = NetImage;
		};
/* End PBXContainerItemProxy section */

/* Begin PBXFileReference section */
		065201F9E85BD31A34502A32 /* Pods-NetImageTests.debug.xcconfig */ = {isa = PBXFileReference; includeInIndex = 1; lastKnownFileType = text.xcconfig; name = "Pods-NetImageTests.debug.xcconfig"; path = "Target Support Files/Pods-NetImageTests/Pods-NetImageTests.debug.xcconfig"; sourceTree = "<group>"; };
		57539E9F24FFBB870016DAA9 /* MyCollectionViewController.h */ = {isa = PBXFileReference; lastKnownFileType = sourcecode.c.h; path = MyCollectionViewController.h; sourceTree = "<group>"; };
		57539EA024FFBB870016DAA9 /* MyCollectionViewController.m */ = {isa = PBXFileReference; lastKnownFileType = sourcecode.c.objc; path = MyCollectionViewController.m; sourceTree = "<group>"; };
		57539EA224FFC4010016DAA9 /* MyCollectionViewCell.h */ = {isa = PBXFileReference; lastKnownFileType = sourcecode.c.h; path = MyCollectionViewCell.h; sourceTree = "<group>"; };
		57539EA324FFC4010016DAA9 /* MyCollectionViewCell.m */ = {isa = PBXFileReference; lastKnownFileType = sourcecode.c.objc; path = MyCollectionViewCell.m; sourceTree = "<group>"; };
		57539EA524FFF92A0016DAA9 /* NewCollectionViewCell.h */ = {isa = PBXFileReference; lastKnownFileType = sourcecode.c.h; path = NewCollectionViewCell.h; sourceTree = "<group>"; };
		57539EA624FFF92A0016DAA9 /* NewCollectionViewCell.m */ = {isa = PBXFileReference; lastKnownFileType = sourcecode.c.objc; path = NewCollectionViewCell.m; sourceTree = "<group>"; };
		575C317324F4D52400922BC4 /* SDWebImageViewController.h */ = {isa = PBXFileReference; lastKnownFileType = sourcecode.c.h; path = SDWebImageViewController.h; sourceTree = "<group>"; };
		575C317424F4D52400922BC4 /* SDWebImageViewController.m */ = {isa = PBXFileReference; lastKnownFileType = sourcecode.c.objc; path = SDWebImageViewController.m; sourceTree = "<group>"; };
		576E4CC024F6338E00AA3C0D /* GIF_two.gif */ = {isa = PBXFileReference; lastKnownFileType = image.gif; path = GIF_two.gif; sourceTree = "<group>"; };
		5774B16E24EBCAD600808693 /* PageViewController.h */ = {isa = PBXFileReference; lastKnownFileType = sourcecode.c.h; path = PageViewController.h; sourceTree = "<group>"; };
		5774B16F24EBCAD600808693 /* PageViewController.m */ = {isa = PBXFileReference; lastKnownFileType = sourcecode.c.objc; path = PageViewController.m; sourceTree = "<group>"; };
		5783441B24E8ED4D0066EC6B /* NetImage.app */ = {isa = PBXFileReference; explicitFileType = wrapper.application; includeInIndex = 0; path = NetImage.app; sourceTree = BUILT_PRODUCTS_DIR; };
		5783441E24E8ED4D0066EC6B /* AppDelegate.h */ = {isa = PBXFileReference; lastKnownFileType = sourcecode.c.h; path = AppDelegate.h; sourceTree = "<group>"; };
		5783441F24E8ED4D0066EC6B /* AppDelegate.m */ = {isa = PBXFileReference; lastKnownFileType = sourcecode.c.objc; path = AppDelegate.m; sourceTree = "<group>"; };
		5783442424E8ED4D0066EC6B /* ViewController.h */ = {isa = PBXFileReference; lastKnownFileType = sourcecode.c.h; path = ViewController.h; sourceTree = "<group>"; };
		5783442524E8ED4D0066EC6B /* ViewController.m */ = {isa = PBXFileReference; lastKnownFileType = sourcecode.c.objc; path = ViewController.m; sourceTree = "<group>"; };
		5783442824E8ED4D0066EC6B /* Base */ = {isa = PBXFileReference; lastKnownFileType = file.storyboard; name = Base; path = Base.lproj/Main.storyboard; sourceTree = "<group>"; };
		5783442A24E8ED500066EC6B /* Assets.xcassets */ = {isa = PBXFileReference; lastKnownFileType = folder.assetcatalog; path = Assets.xcassets; sourceTree = "<group>"; };
		5783442D24E8ED500066EC6B /* Base */ = {isa = PBXFileReference; lastKnownFileType = file.storyboard; name = Base; path = Base.lproj/LaunchScreen.storyboard; sourceTree = "<group>"; };
		5783442F24E8ED500066EC6B /* Info.plist */ = {isa = PBXFileReference; lastKnownFileType = text.plist.xml; path = Info.plist; sourceTree = "<group>"; };
		5783443024E8ED500066EC6B /* main.m */ = {isa = PBXFileReference; lastKnownFileType = sourcecode.c.objc; path = main.m; sourceTree = "<group>"; };
		5783443624E8ED500066EC6B /* NetImageTests.xctest */ = {isa = PBXFileReference; explicitFileType = wrapper.cfbundle; includeInIndex = 0; path = NetImageTests.xctest; sourceTree = BUILT_PRODUCTS_DIR; };
		5783443A24E8ED500066EC6B /* NetImageTests.m */ = {isa = PBXFileReference; lastKnownFileType = sourcecode.c.objc; path = NetImageTests.m; sourceTree = "<group>"; };
		5783443C24E8ED500066EC6B /* Info.plist */ = {isa = PBXFileReference; lastKnownFileType = text.plist.xml; path = Info.plist; sourceTree = "<group>"; };
		5783444124E8ED500066EC6B /* NetImageUITests.xctest */ = {isa = PBXFileReference; explicitFileType = wrapper.cfbundle; includeInIndex = 0; path = NetImageUITests.xctest; sourceTree = BUILT_PRODUCTS_DIR; };
		5783444524E8ED500066EC6B /* NetImageUITests.m */ = {isa = PBXFileReference; lastKnownFileType = sourcecode.c.objc; path = NetImageUITests.m; sourceTree = "<group>"; };
		5783444724E8ED500066EC6B /* Info.plist */ = {isa = PBXFileReference; lastKnownFileType = text.plist.xml; path = Info.plist; sourceTree = "<group>"; };
		5783445324E8ED760066EC6B /* sv.png */ = {isa = PBXFileReference; lastKnownFileType = image.png; path = sv.png; sourceTree = "<group>"; };
		5786927B24F35BCB00DDB2E4 /* TableViewController.h */ = {isa = PBXFileReference; lastKnownFileType = sourcecode.c.h; path = TableViewController.h; sourceTree = "<group>"; };
		5786927C24F35BCB00DDB2E4 /* TableViewController.m */ = {isa = PBXFileReference; lastKnownFileType = sourcecode.c.objc; path = TableViewController.m; sourceTree = "<group>"; };
		5786927E24F35C6000DDB2E4 /* MyData.h */ = {isa = PBXFileReference; lastKnownFileType = sourcecode.c.h; path = MyData.h; sourceTree = "<group>"; };
		5786927F24F35C6000DDB2E4 /* MyData.m */ = {isa = PBXFileReference; lastKnownFileType = sourcecode.c.objc; path = MyData.m; sourceTree = "<group>"; };
		5786928124F35C7200DDB2E4 /* Student.h */ = {isa = PBXFileReference; lastKnownFileType = sourcecode.c.h; path = Student.h; sourceTree = "<group>"; };
		5786928224F35C7200DDB2E4 /* Student.m */ = {isa = PBXFileReference; lastKnownFileType = sourcecode.c.objc; path = Student.m; sourceTree = "<group>"; };
		5786928A24F38D0500DDB2E4 /* MyTableViewCell.h */ = {isa = PBXFileReference; lastKnownFileType = sourcecode.c.h; path = MyTableViewCell.h; sourceTree = "<group>"; };
		5786928B24F38D0500DDB2E4 /* MyTableViewCell.m */ = {isa = PBXFileReference; lastKnownFileType = sourcecode.c.objc; path = MyTableViewCell.m; sourceTree = "<group>"; };
		5786928D24F3E0DE00DDB2E4 /* DetailViewController.h */ = {isa = PBXFileReference; lastKnownFileType = sourcecode.c.h; path = DetailViewController.h; sourceTree = "<group>"; };
		5786928E24F3E0DE00DDB2E4 /* DetailViewController.m */ = {isa = PBXFileReference; lastKnownFileType = sourcecode.c.objc; path = DetailViewController.m; sourceTree = "<group>"; };
		57F3CE9124E96E1E0008F355 /* SHNewViewController.h */ = {isa = PBXFileReference; lastKnownFileType = sourcecode.c.h; path = SHNewViewController.h; sourceTree = "<group>"; };
		57F3CE9224E96E1E0008F355 /* SHNewViewController.m */ = {isa = PBXFileReference; lastKnownFileType = sourcecode.c.objc; path = SHNewViewController.m; sourceTree = "<group>"; };
		5811D82BC20CDE4EDCE74C5E /* Pods-NetImage.debug.xcconfig */ = {isa = PBXFileReference; includeInIndex = 1; lastKnownFileType = text.xcconfig; name = "Pods-NetImage.debug.xcconfig"; path = "Target Support Files/Pods-NetImage/Pods-NetImage.debug.xcconfig"; sourceTree = "<group>"; };
		5F3964EEE737FB3319557204 /* Pods_NetImageTests.framework */ = {isa = PBXFileReference; explicitFileType = wrapper.framework; includeInIndex = 0; path = Pods_NetImageTests.framework; sourceTree = BUILT_PRODUCTS_DIR; };
		699C1C434EF977D5CF8A0C3E /* Pods-NetImageTests.release.xcconfig */ = {isa = PBXFileReference; includeInIndex = 1; lastKnownFileType = text.xcconfig; name = "Pods-NetImageTests.release.xcconfig"; path = "Target Support Files/Pods-NetImageTests/Pods-NetImageTests.release.xcconfig"; sourceTree = "<group>"; };
		6DA7329E29DBEFFE78CDC3A3 /* Pods_NetImage_NetImageUITests.framework */ = {isa = PBXFileReference; explicitFileType = wrapper.framework; includeInIndex = 0; path = Pods_NetImage_NetImageUITests.framework; sourceTree = BUILT_PRODUCTS_DIR; };
		722CFDD12C841B076597EA37 /* Pods-NetImage.release.xcconfig */ = {isa = PBXFileReference; includeInIndex = 1; lastKnownFileType = text.xcconfig; name = "Pods-NetImage.release.xcconfig"; path = "Target Support Files/Pods-NetImage/Pods-NetImage.release.xcconfig"; sourceTree = "<group>"; };
		75A290202CA8644755E02B9A /* Pods-NetImage-NetImageUITests.debug.xcconfig */ = {isa = PBXFileReference; includeInIndex = 1; lastKnownFileType = text.xcconfig; name = "Pods-NetImage-NetImageUITests.debug.xcconfig"; path = "Target Support Files/Pods-NetImage-NetImageUITests/Pods-NetImage-NetImageUITests.debug.xcconfig"; sourceTree = "<group>"; };
		F1826F2040DADC2C54C9068E /* Pods_NetImage.framework */ = {isa = PBXFileReference; explicitFileType = wrapper.framework; includeInIndex = 0; path = Pods_NetImage.framework; sourceTree = BUILT_PRODUCTS_DIR; };
		FFDD80794A4CA79C791197D1 /* Pods-NetImage-NetImageUITests.release.xcconfig */ = {isa = PBXFileReference; includeInIndex = 1; lastKnownFileType = text.xcconfig; name = "Pods-NetImage-NetImageUITests.release.xcconfig"; path = "Target Support Files/Pods-NetImage-NetImageUITests/Pods-NetImage-NetImageUITests.release.xcconfig"; sourceTree = "<group>"; };
/* End PBXFileReference section */

/* Begin PBXFrameworksBuildPhase section */
		5783441824E8ED4D0066EC6B /* Frameworks */ = {
			isa = PBXFrameworksBuildPhase;
			buildActionMask = 2147483647;
			files = (
				4668302058C7CC7BC787AF72 /* Pods_NetImage.framework in Frameworks */,
			);
			runOnlyForDeploymentPostprocessing = 0;
		};
		5783443324E8ED500066EC6B /* Frameworks */ = {
			isa = PBXFrameworksBuildPhase;
			buildActionMask = 2147483647;
			files = (
				CCF7CFDC19FDED86348B8845 /* Pods_NetImageTests.framework in Frameworks */,
			);
			runOnlyForDeploymentPostprocessing = 0;
		};
		5783443E24E8ED500066EC6B /* Frameworks */ = {
			isa = PBXFrameworksBuildPhase;
			buildActionMask = 2147483647;
			files = (
				894D699556CE905483396139 /* Pods_NetImage_NetImageUITests.framework in Frameworks */,
			);
			runOnlyForDeploymentPostprocessing = 0;
		};
/* End PBXFrameworksBuildPhase section */

/* Begin PBXGroup section */
		4A7D47DA7354E0604EE68FE0 /* Pods */ = {
			isa = PBXGroup;
			children = (
				5811D82BC20CDE4EDCE74C5E /* Pods-NetImage.debug.xcconfig */,
				722CFDD12C841B076597EA37 /* Pods-NetImage.release.xcconfig */,
				75A290202CA8644755E02B9A /* Pods-NetImage-NetImageUITests.debug.xcconfig */,
				FFDD80794A4CA79C791197D1 /* Pods-NetImage-NetImageUITests.release.xcconfig */,
				065201F9E85BD31A34502A32 /* Pods-NetImageTests.debug.xcconfig */,
				699C1C434EF977D5CF8A0C3E /* Pods-NetImageTests.release.xcconfig */,
			);
			path = Pods;
			sourceTree = "<group>";
		};
		5783441224E8ED4D0066EC6B = {
			isa = PBXGroup;
			children = (
				5783441D24E8ED4D0066EC6B /* NetImage */,
				5783443924E8ED500066EC6B /* NetImageTests */,
				5783444424E8ED500066EC6B /* NetImageUITests */,
				5783441C24E8ED4D0066EC6B /* Products */,
				4A7D47DA7354E0604EE68FE0 /* Pods */,
				C7326F4D6612526B5892426A /* Frameworks */,
			);
			sourceTree = "<group>";
		};
		5783441C24E8ED4D0066EC6B /* Products */ = {
			isa = PBXGroup;
			children = (
				5783441B24E8ED4D0066EC6B /* NetImage.app */,
				5783443624E8ED500066EC6B /* NetImageTests.xctest */,
				5783444124E8ED500066EC6B /* NetImageUITests.xctest */,
			);
			name = Products;
			sourceTree = "<group>";
		};
		5783441D24E8ED4D0066EC6B /* NetImage */ = {
			isa = PBXGroup;
			children = (
				576E4CC024F6338E00AA3C0D /* GIF_two.gif */,
				5783441E24E8ED4D0066EC6B /* AppDelegate.h */,
				5783441F24E8ED4D0066EC6B /* AppDelegate.m */,
				5783442424E8ED4D0066EC6B /* ViewController.h */,
				5783442524E8ED4D0066EC6B /* ViewController.m */,
				5783442724E8ED4D0066EC6B /* Main.storyboard */,
				5783442A24E8ED500066EC6B /* Assets.xcassets */,
				5783445324E8ED760066EC6B /* sv.png */,
				5783442C24E8ED500066EC6B /* LaunchScreen.storyboard */,
				5783442F24E8ED500066EC6B /* Info.plist */,
				5783443024E8ED500066EC6B /* main.m */,
				57F3CE9124E96E1E0008F355 /* SHNewViewController.h */,
				57F3CE9224E96E1E0008F355 /* SHNewViewController.m */,
				5774B16E24EBCAD600808693 /* PageViewController.h */,
				5774B16F24EBCAD600808693 /* PageViewController.m */,
				575C317324F4D52400922BC4 /* SDWebImageViewController.h */,
				575C317424F4D52400922BC4 /* SDWebImageViewController.m */,
				5786927E24F35C6000DDB2E4 /* MyData.h */,
				5786927F24F35C6000DDB2E4 /* MyData.m */,
				5786927B24F35BCB00DDB2E4 /* TableViewController.h */,
				5786927C24F35BCB00DDB2E4 /* TableViewController.m */,
				5786928124F35C7200DDB2E4 /* Student.h */,
				5786928224F35C7200DDB2E4 /* Student.m */,
				5786928A24F38D0500DDB2E4 /* MyTableViewCell.h */,
				5786928B24F38D0500DDB2E4 /* MyTableViewCell.m */,
				5786928D24F3E0DE00DDB2E4 /* DetailViewController.h */,
				5786928E24F3E0DE00DDB2E4 /* DetailViewController.m */,
				57539E9F24FFBB870016DAA9 /* MyCollectionViewController.h */,
				57539EA024FFBB870016DAA9 /* MyCollectionViewController.m */,
				57539EA224FFC4010016DAA9 /* MyCollectionViewCell.h */,
				57539EA324FFC4010016DAA9 /* MyCollectionViewCell.m */,
				57539EA524FFF92A0016DAA9 /* NewCollectionViewCell.h */,
				57539EA624FFF92A0016DAA9 /* NewCollectionViewCell.m */,
			);
			path = NetImage;
			sourceTree = "<group>";
		};
		5783443924E8ED500066EC6B /* NetImageTests */ = {
			isa = PBXGroup;
			children = (
				5783443A24E8ED500066EC6B /* NetImageTests.m */,
				5783443C24E8ED500066EC6B /* Info.plist */,
			);
			path = NetImageTests;
			sourceTree = "<group>";
		};
		5783444424E8ED500066EC6B /* NetImageUITests */ = {
			isa = PBXGroup;
			children = (
				5783444524E8ED500066EC6B /* NetImageUITests.m */,
				5783444724E8ED500066EC6B /* Info.plist */,
			);
			path = NetImageUITests;
			sourceTree = "<group>";
		};
		C7326F4D6612526B5892426A /* Frameworks */ = {
			isa = PBXGroup;
			children = (
				F1826F2040DADC2C54C9068E /* Pods_NetImage.framework */,
				6DA7329E29DBEFFE78CDC3A3 /* Pods_NetImage_NetImageUITests.framework */,
				5F3964EEE737FB3319557204 /* Pods_NetImageTests.framework */,
			);
			name = Frameworks;
			sourceTree = "<group>";
		};
/* End PBXGroup section */

/* Begin PBXNativeTarget section */
		5783441A24E8ED4D0066EC6B /* NetImage */ = {
			isa = PBXNativeTarget;
			buildConfigurationList = 5783444A24E8ED500066EC6B /* Build configuration list for PBXNativeTarget "NetImage" */;
			buildPhases = (
				C0FE53FF512AE3FD580E9802 /* [CP] Check Pods Manifest.lock */,
				5783441724E8ED4D0066EC6B /* Sources */,
				5783441824E8ED4D0066EC6B /* Frameworks */,
				5783441924E8ED4D0066EC6B /* Resources */,
				8B80913838D7059CCA3466E1 /* [CP] Embed Pods Frameworks */,
			);
			buildRules = (
			);
			dependencies = (
			);
			name = NetImage;
			productName = NetImage;
			productReference = 5783441B24E8ED4D0066EC6B /* NetImage.app */;
			productType = "com.apple.product-type.application";
		};
		5783443524E8ED500066EC6B /* NetImageTests */ = {
			isa = PBXNativeTarget;
			buildConfigurationList = 5783444D24E8ED500066EC6B /* Build configuration list for PBXNativeTarget "NetImageTests" */;
			buildPhases = (
				2134A8D70136F45490116C12 /* [CP] Check Pods Manifest.lock */,
				5783443224E8ED500066EC6B /* Sources */,
				5783443324E8ED500066EC6B /* Frameworks */,
				5783443424E8ED500066EC6B /* Resources */,
			);
			buildRules = (
			);
			dependencies = (
				5783443824E8ED500066EC6B /* PBXTargetDependency */,
			);
			name = NetImageTests;
			productName = NetImageTests;
			productReference = 5783443624E8ED500066EC6B /* NetImageTests.xctest */;
			productType = "com.apple.product-type.bundle.unit-test";
		};
		5783444024E8ED500066EC6B /* NetImageUITests */ = {
			isa = PBXNativeTarget;
			buildConfigurationList = 5783445024E8ED500066EC6B /* Build configuration list for PBXNativeTarget "NetImageUITests" */;
			buildPhases = (
				9272D4FC631CDCFCD7844466 /* [CP] Check Pods Manifest.lock */,
				5783443D24E8ED500066EC6B /* Sources */,
				5783443E24E8ED500066EC6B /* Frameworks */,
				5783443F24E8ED500066EC6B /* Resources */,
				B031E6E993A4E604332F4187 /* [CP] Embed Pods Frameworks */,
			);
			buildRules = (
			);
			dependencies = (
				5783444324E8ED500066EC6B /* PBXTargetDependency */,
			);
			name = NetImageUITests;
			productName = NetImageUITests;
			productReference = 5783444124E8ED500066EC6B /* NetImageUITests.xctest */;
			productType = "com.apple.product-type.bundle.ui-testing";
		};
/* End PBXNativeTarget section */

/* Begin PBXProject section */
		5783441324E8ED4D0066EC6B /* Project object */ = {
			isa = PBXProject;
			attributes = {
				LastUpgradeCheck = 1150;
				ORGANIZATIONNAME = JSH;
				TargetAttributes = {
					5783441A24E8ED4D0066EC6B = {
						CreatedOnToolsVersion = 11.5;
					};
					5783443524E8ED500066EC6B = {
						CreatedOnToolsVersion = 11.5;
						TestTargetID = 5783441A24E8ED4D0066EC6B;
					};
					5783444024E8ED500066EC6B = {
						CreatedOnToolsVersion = 11.5;
						TestTargetID = 5783441A24E8ED4D0066EC6B;
					};
				};
			};
			buildConfigurationList = 5783441624E8ED4D0066EC6B /* Build configuration list for PBXProject "NetImage" */;
			compatibilityVersion = "Xcode 9.3";
			developmentRegion = en;
			hasScannedForEncodings = 0;
			knownRegions = (
				en,
				Base,
			);
			mainGroup = 5783441224E8ED4D0066EC6B;
			productRefGroup = 5783441C24E8ED4D0066EC6B /* Products */;
			projectDirPath = "";
			projectRoot = "";
			targets = (
				5783441A24E8ED4D0066EC6B /* NetImage */,
				5783443524E8ED500066EC6B /* NetImageTests */,
				5783444024E8ED500066EC6B /* NetImageUITests */,
			);
		};
/* End PBXProject section */

/* Begin PBXResourcesBuildPhase section */
		5783441924E8ED4D0066EC6B /* Resources */ = {
			isa = PBXResourcesBuildPhase;
			buildActionMask = 2147483647;
			files = (
				5783442E24E8ED500066EC6B /* LaunchScreen.storyboard in Resources */,
				5783442B24E8ED500066EC6B /* Assets.xcassets in Resources */,
				5783445424E8ED760066EC6B /* sv.png in Resources */,
				576E4CC124F6338E00AA3C0D /* GIF_two.gif in Resources */,
				5783442924E8ED4D0066EC6B /* Main.storyboard in Resources */,
			);
			runOnlyForDeploymentPostprocessing = 0;
		};
		5783443424E8ED500066EC6B /* Resources */ = {
			isa = PBXResourcesBuildPhase;
			buildActionMask = 2147483647;
			files = (
			);
			runOnlyForDeploymentPostprocessing = 0;
		};
		5783443F24E8ED500066EC6B /* Resources */ = {
			isa = PBXResourcesBuildPhase;
			buildActionMask = 2147483647;
			files = (
			);
			runOnlyForDeploymentPostprocessing = 0;
		};
/* End PBXResourcesBuildPhase section */

/* Begin PBXShellScriptBuildPhase section */
		2134A8D70136F45490116C12 /* [CP] Check Pods Manifest.lock */ = {
			isa = PBXShellScriptBuildPhase;
			buildActionMask = 2147483647;
			files = (
			);
			inputFileListPaths = (
			);
			inputPaths = (
				"${PODS_PODFILE_DIR_PATH}/Podfile.lock",
				"${PODS_ROOT}/Manifest.lock",
			);
			name = "[CP] Check Pods Manifest.lock";
			outputFileListPaths = (
			);
			outputPaths = (
				"$(DERIVED_FILE_DIR)/Pods-NetImageTests-checkManifestLockResult.txt",
			);
			runOnlyForDeploymentPostprocessing = 0;
			shellPath = /bin/sh;
			shellScript = "diff \"${PODS_PODFILE_DIR_PATH}/Podfile.lock\" \"${PODS_ROOT}/Manifest.lock\" > /dev/null\nif [ $? != 0 ] ; then\n    # print error to STDERR\n    echo \"error: The sandbox is not in sync with the Podfile.lock. Run 'pod install' or update your CocoaPods installation.\" >&2\n    exit 1\nfi\n# This output is used by Xcode 'outputs' to avoid re-running this script phase.\necho \"SUCCESS\" > \"${SCRIPT_OUTPUT_FILE_0}\"\n";
			showEnvVarsInLog = 0;
		};
		8B80913838D7059CCA3466E1 /* [CP] Embed Pods Frameworks */ = {
			isa = PBXShellScriptBuildPhase;
			buildActionMask = 2147483647;
			files = (
			);
			inputFileListPaths = (
				"${PODS_ROOT}/Target Support Files/Pods-NetImage/Pods-NetImage-frameworks-${CONFIGURATION}-input-files.xcfilelist",
			);
			name = "[CP] Embed Pods Frameworks";
			outputFileListPaths = (
				"${PODS_ROOT}/Target Support Files/Pods-NetImage/Pods-NetImage-frameworks-${CONFIGURATION}-output-files.xcfilelist",
			);
			runOnlyForDeploymentPostprocessing = 0;
			shellPath = /bin/sh;
			shellScript = "\"${PODS_ROOT}/Target Support Files/Pods-NetImage/Pods-NetImage-frameworks.sh\"\n";
			showEnvVarsInLog = 0;
		};
		9272D4FC631CDCFCD7844466 /* [CP] Check Pods Manifest.lock */ = {
			isa = PBXShellScriptBuildPhase;
			buildActionMask = 2147483647;
			files = (
			);
			inputFileListPaths = (
			);
			inputPaths = (
				"${PODS_PODFILE_DIR_PATH}/Podfile.lock",
				"${PODS_ROOT}/Manifest.lock",
			);
			name = "[CP] Check Pods Manifest.lock";
			outputFileListPaths = (
			);
			outputPaths = (
				"$(DERIVED_FILE_DIR)/Pods-NetImage-NetImageUITests-checkManifestLockResult.txt",
			);
			runOnlyForDeploymentPostprocessing = 0;
			shellPath = /bin/sh;
			shellScript = "diff \"${PODS_PODFILE_DIR_PATH}/Podfile.lock\" \"${PODS_ROOT}/Manifest.lock\" > /dev/null\nif [ $? != 0 ] ; then\n    # print error to STDERR\n    echo \"error: The sandbox is not in sync with the Podfile.lock. Run 'pod install' or update your CocoaPods installation.\" >&2\n    exit 1\nfi\n# This output is used by Xcode 'outputs' to avoid re-running this script phase.\necho \"SUCCESS\" > \"${SCRIPT_OUTPUT_FILE_0}\"\n";
			showEnvVarsInLog = 0;
		};
		B031E6E993A4E604332F4187 /* [CP] Embed Pods Frameworks */ = {
			isa = PBXShellScriptBuildPhase;
			buildActionMask = 2147483647;
			files = (
			);
			inputFileListPaths = (
				"${PODS_ROOT}/Target Support Files/Pods-NetImage-NetImageUITests/Pods-NetImage-NetImageUITests-frameworks-${CONFIGURATION}-input-files.xcfilelist",
			);
			name = "[CP] Embed Pods Frameworks";
			outputFileListPaths = (
				"${PODS_ROOT}/Target Support Files/Pods-NetImage-NetImageUITests/Pods-NetImage-NetImageUITests-frameworks-${CONFIGURATION}-output-files.xcfilelist",
			);
			runOnlyForDeploymentPostprocessing = 0;
			shellPath = /bin/sh;
			shellScript = "\"${PODS_ROOT}/Target Support Files/Pods-NetImage-NetImageUITests/Pods-NetImage-NetImageUITests-frameworks.sh\"\n";
			showEnvVarsInLog = 0;
		};
		C0FE53FF512AE3FD580E9802 /* [CP] Check Pods Manifest.lock */ = {
			isa = PBXShellScriptBuildPhase;
			buildActionMask = 2147483647;
			files = (
			);
			inputFileListPaths = (
			);
			inputPaths = (
				"${PODS_PODFILE_DIR_PATH}/Podfile.lock",
				"${PODS_ROOT}/Manifest.lock",
			);
			name = "[CP] Check Pods Manifest.lock";
			outputFileListPaths = (
			);
			outputPaths = (
				"$(DERIVED_FILE_DIR)/Pods-NetImage-checkManifestLockResult.txt",
			);
			runOnlyForDeploymentPostprocessing = 0;
			shellPath = /bin/sh;
			shellScript = "diff \"${PODS_PODFILE_DIR_PATH}/Podfile.lock\" \"${PODS_ROOT}/Manifest.lock\" > /dev/null\nif [ $? != 0 ] ; then\n    # print error to STDERR\n    echo \"error: The sandbox is not in sync with the Podfile.lock. Run 'pod install' or update your CocoaPods installation.\" >&2\n    exit 1\nfi\n# This output is used by Xcode 'outputs' to avoid re-running this script phase.\necho \"SUCCESS\" > \"${SCRIPT_OUTPUT_FILE_0}\"\n";
			showEnvVarsInLog = 0;
		};
/* End PBXShellScriptBuildPhase section */

/* Begin PBXSourcesBuildPhase section */
		5783441724E8ED4D0066EC6B /* Sources */ = {
			isa = PBXSourcesBuildPhase;
			buildActionMask = 2147483647;
			files = (
				57F3CE9324E96E1E0008F355 /* SHNewViewController.m in Sources */,
				5783442624E8ED4D0066EC6B /* ViewController.m in Sources */,
				5783442024E8ED4D0066EC6B /* AppDelegate.m in Sources */,
				5786928C24F38D0500DDB2E4 /* MyTableViewCell.m in Sources */,
				5786928024F35C6000DDB2E4 /* MyData.m in Sources */,
				5786928F24F3E0DE00DDB2E4 /* DetailViewController.m in Sources */,
				57539EA424FFC4010016DAA9 /* MyCollectionViewCell.m in Sources */,
				5774B17024EBCAD600808693 /* PageViewController.m in Sources */,
				5786927D24F35BCB00DDB2E4 /* TableViewController.m in Sources */,
				57539EA124FFBB870016DAA9 /* MyCollectionViewController.m in Sources */,
				5783443124E8ED500066EC6B /* main.m in Sources */,
				57539EA724FFF92A0016DAA9 /* NewCollectionViewCell.m in Sources */,
				5786928324F35C7200DDB2E4 /* Student.m in Sources */,
				575C317524F4D52400922BC4 /* SDWebImageViewController.m in Sources */,
			);
			runOnlyForDeploymentPostprocessing = 0;
		};
		5783443224E8ED500066EC6B /* Sources */ = {
			isa = PBXSourcesBuildPhase;
			buildActionMask = 2147483647;
			files = (
				5783443B24E8ED500066EC6B /* NetImageTests.m in Sources */,
			);
			runOnlyForDeploymentPostprocessing = 0;
		};
		5783443D24E8ED500066EC6B /* Sources */ = {
			isa = PBXSourcesBuildPhase;
			buildActionMask = 2147483647;
			files = (
				5783444624E8ED500066EC6B /* NetImageUITests.m in Sources */,
			);
			runOnlyForDeploymentPostprocessing = 0;
		};
/* End PBXSourcesBuildPhase section */

/* Begin PBXTargetDependency section */
		5783443824E8ED500066EC6B /* PBXTargetDependency */ = {
			isa = PBXTargetDependency;
			target = 5783441A24E8ED4D0066EC6B /* NetImage */;
			targetProxy = 5783443724E8ED500066EC6B /* PBXContainerItemProxy */;
		};
		5783444324E8ED500066EC6B /* PBXTargetDependency */ = {
			isa = PBXTargetDependency;
			target = 5783441A24E8ED4D0066EC6B /* NetImage */;
			targetProxy = 5783444224E8ED500066EC6B /* PBXContainerItemProxy */;
		};
/* End PBXTargetDependency section */

/* Begin PBXVariantGroup section */
		5783442724E8ED4D0066EC6B /* Main.storyboard */ = {
			isa = PBXVariantGroup;
			children = (
				5783442824E8ED4D0066EC6B /* Base */,
			);
			name = Main.storyboard;
			sourceTree = "<group>";
		};
		5783442C24E8ED500066EC6B /* LaunchScreen.storyboard */ = {
			isa = PBXVariantGroup;
			children = (
				5783442D24E8ED500066EC6B /* Base */,
			);
			name = LaunchScreen.storyboard;
			sourceTree = "<group>";
		};
/* End PBXVariantGroup section */

/* Begin XCBuildConfiguration section */
		5783444824E8ED500066EC6B /* Debug */ = {
			isa = XCBuildConfiguration;
			buildSettings = {
				ALWAYS_SEARCH_USER_PATHS = NO;
				CLANG_ANALYZER_NONNULL = YES;
				CLANG_ANALYZER_NUMBER_OBJECT_CONVERSION = YES_AGGRESSIVE;
				CLANG_CXX_LANGUAGE_STANDARD = "gnu++14";
				CLANG_CXX_LIBRARY = "libc++";
				CLANG_ENABLE_MODULES = YES;
				CLANG_ENABLE_OBJC_ARC = YES;
				CLANG_ENABLE_OBJC_WEAK = YES;
				CLANG_WARN_BLOCK_CAPTURE_AUTORELEASING = YES;
				CLANG_WARN_BOOL_CONVERSION = YES;
				CLANG_WARN_COMMA = YES;
				CLANG_WARN_CONSTANT_CONVERSION = YES;
				CLANG_WARN_DEPRECATED_OBJC_IMPLEMENTATIONS = YES;
				CLANG_WARN_DIRECT_OBJC_ISA_USAGE = YES_ERROR;
				CLANG_WARN_DOCUMENTATION_COMMENTS = YES;
				CLANG_WARN_EMPTY_BODY = YES;
				CLANG_WARN_ENUM_CONVERSION = YES;
				CLANG_WARN_INFINITE_RECURSION = YES;
				CLANG_WARN_INT_CONVERSION = YES;
				CLANG_WARN_NON_LITERAL_NULL_CONVERSION = YES;
				CLANG_WARN_OBJC_IMPLICIT_RETAIN_SELF = YES;
				CLANG_WARN_OBJC_LITERAL_CONVERSION = YES;
				CLANG_WARN_OBJC_ROOT_CLASS = YES_ERROR;
				CLANG_WARN_RANGE_LOOP_ANALYSIS = YES;
				CLANG_WARN_STRICT_PROTOTYPES = YES;
				CLANG_WARN_SUSPICIOUS_MOVE = YES;
				CLANG_WARN_UNGUARDED_AVAILABILITY = YES_AGGRESSIVE;
				CLANG_WARN_UNREACHABLE_CODE = YES;
				CLANG_WARN__DUPLICATE_METHOD_MATCH = YES;
				COPY_PHASE_STRIP = NO;
				DEBUG_INFORMATION_FORMAT = dwarf;
				ENABLE_STRICT_OBJC_MSGSEND = YES;
				ENABLE_TESTABILITY = YES;
				GCC_C_LANGUAGE_STANDARD = gnu11;
				GCC_DYNAMIC_NO_PIC = NO;
				GCC_NO_COMMON_BLOCKS = YES;
				GCC_OPTIMIZATION_LEVEL = 0;
				GCC_PREPROCESSOR_DEFINITIONS = (
					"DEBUG=1",
					"$(inherited)",
				);
				GCC_WARN_64_TO_32_BIT_CONVERSION = YES;
				GCC_WARN_ABOUT_RETURN_TYPE = YES_ERROR;
				GCC_WARN_UNDECLARED_SELECTOR = YES;
				GCC_WARN_UNINITIALIZED_AUTOS = YES_AGGRESSIVE;
				GCC_WARN_UNUSED_FUNCTION = YES;
				GCC_WARN_UNUSED_VARIABLE = YES;
				IPHONEOS_DEPLOYMENT_TARGET = 12.0;
				MTL_ENABLE_DEBUG_INFO = INCLUDE_SOURCE;
				MTL_FAST_MATH = YES;
				ONLY_ACTIVE_ARCH = YES;
				SDKROOT = iphoneos;
			};
			name = Debug;
		};
		5783444924E8ED500066EC6B /* Release */ = {
			isa = XCBuildConfiguration;
			buildSettings = {
				ALWAYS_SEARCH_USER_PATHS = NO;
				CLANG_ANALYZER_NONNULL = YES;
				CLANG_ANALYZER_NUMBER_OBJECT_CONVERSION = YES_AGGRESSIVE;
				CLANG_CXX_LANGUAGE_STANDARD = "gnu++14";
				CLANG_CXX_LIBRARY = "libc++";
				CLANG_ENABLE_MODULES = YES;
				CLANG_ENABLE_OBJC_ARC = YES;
				CLANG_ENABLE_OBJC_WEAK = YES;
				CLANG_WARN_BLOCK_CAPTURE_AUTORELEASING = YES;
				CLANG_WARN_BOOL_CONVERSION = YES;
				CLANG_WARN_COMMA = YES;
				CLANG_WARN_CONSTANT_CONVERSION = YES;
				CLANG_WARN_DEPRECATED_OBJC_IMPLEMENTATIONS = YES;
				CLANG_WARN_DIRECT_OBJC_ISA_USAGE = YES_ERROR;
				CLANG_WARN_DOCUMENTATION_COMMENTS = YES;
				CLANG_WARN_EMPTY_BODY = YES;
				CLANG_WARN_ENUM_CONVERSION = YES;
				CLANG_WARN_INFINITE_RECURSION = YES;
				CLANG_WARN_INT_CONVERSION = YES;
				CLANG_WARN_NON_LITERAL_NULL_CONVERSION = YES;
				CLANG_WARN_OBJC_IMPLICIT_RETAIN_SELF = YES;
				CLANG_WARN_OBJC_LITERAL_CONVERSION = YES;
				CLANG_WARN_OBJC_ROOT_CLASS = YES_ERROR;
				CLANG_WARN_RANGE_LOOP_ANALYSIS = YES;
				CLANG_WARN_STRICT_PROTOTYPES = YES;
				CLANG_WARN_SUSPICIOUS_MOVE = YES;
				CLANG_WARN_UNGUARDED_AVAILABILITY = YES_AGGRESSIVE;
				CLANG_WARN_UNREACHABLE_CODE = YES;
				CLANG_WARN__DUPLICATE_METHOD_MATCH = YES;
				COPY_PHASE_STRIP = NO;
				DEBUG_INFORMATION_FORMAT = "dwarf-with-dsym";
				ENABLE_NS_ASSERTIONS = NO;
				ENABLE_STRICT_OBJC_MSGSEND = YES;
				GCC_C_LANGUAGE_STANDARD = gnu11;
				GCC_NO_COMMON_BLOCKS = YES;
				GCC_WARN_64_TO_32_BIT_CONVERSION = YES;
				GCC_WARN_ABOUT_RETURN_TYPE = YES_ERROR;
				GCC_WARN_UNDECLARED_SELECTOR = YES;
				GCC_WARN_UNINITIALIZED_AUTOS = YES_AGGRESSIVE;
				GCC_WARN_UNUSED_FUNCTION = YES;
				GCC_WARN_UNUSED_VARIABLE = YES;
				IPHONEOS_DEPLOYMENT_TARGET = 12.0;
				MTL_ENABLE_DEBUG_INFO = NO;
				MTL_FAST_MATH = YES;
				SDKROOT = iphoneos;
				VALIDATE_PRODUCT = YES;
			};
			name = Release;
		};
		5783444B24E8ED500066EC6B /* Debug */ = {
			isa = XCBuildConfiguration;
			baseConfigurationReference = 5811D82BC20CDE4EDCE74C5E /* Pods-NetImage.debug.xcconfig */;
			buildSettings = {
				ASSETCATALOG_COMPILER_APPICON_NAME = AppIcon;
				CODE_SIGN_STYLE = Automatic;
				DEVELOPMENT_ASSET_PATHS = "";
				DEVELOPMENT_TEAM = J7DR2LJWWJ;
				HEADER_SEARCH_PATHS = "\"${PODS_CONFIGURATION_BUILD_DIR}/SDWebImage/SDWebImage.framework/Headers\"";
				INFOPLIST_FILE = NetImage/Info.plist;
				LD_RUNPATH_SEARCH_PATHS = (
					"$(inherited)",
					"@executable_path/Frameworks",
				);
				PRODUCT_BUNDLE_IDENTIFIER = JSH.NetImage;
				PRODUCT_NAME = "$(TARGET_NAME)";
				TARGETED_DEVICE_FAMILY = "1,2";
			};
			name = Debug;
		};
		5783444C24E8ED500066EC6B /* Release */ = {
			isa = XCBuildConfiguration;
			baseConfigurationReference = 722CFDD12C841B076597EA37 /* Pods-NetImage.release.xcconfig */;
			buildSettings = {
				ASSETCATALOG_COMPILER_APPICON_NAME = AppIcon;
				CODE_SIGN_STYLE = Automatic;
				DEVELOPMENT_ASSET_PATHS = "";
				DEVELOPMENT_TEAM = J7DR2LJWWJ;
				HEADER_SEARCH_PATHS = "\"${PODS_CONFIGURATION_BUILD_DIR}/SDWebImage/SDWebImage.framework/Headers\"";
				INFOPLIST_FILE = NetImage/Info.plist;
				LD_RUNPATH_SEARCH_PATHS = (
					"$(inherited)",
					"@executable_path/Frameworks",
				);
				PRODUCT_BUNDLE_IDENTIFIER = JSH.NetImage;
				PRODUCT_NAME = "$(TARGET_NAME)";
				TARGETED_DEVICE_FAMILY = "1,2";
			};
			name = Release;
		};
		5783444E24E8ED500066EC6B /* Debug */ = {
			isa = XCBuildConfiguration;
			baseConfigurationReference = 065201F9E85BD31A34502A32 /* Pods-NetImageTests.debug.xcconfig */;
			buildSettings = {
				BUNDLE_LOADER = "$(TEST_HOST)";
				CODE_SIGN_STYLE = Automatic;
				DEVELOPMENT_TEAM = J7DR2LJWWJ;
				INFOPLIST_FILE = NetImageTests/Info.plist;
				IPHONEOS_DEPLOYMENT_TARGET = 13.5;
				LD_RUNPATH_SEARCH_PATHS = (
					"$(inherited)",
					"@executable_path/Frameworks",
					"@loader_path/Frameworks",
				);
				PRODUCT_BUNDLE_IDENTIFIER = JSH.NetImageTests;
				PRODUCT_NAME = "$(TARGET_NAME)";
				TARGETED_DEVICE_FAMILY = "1,2";
				TEST_HOST = "$(BUILT_PRODUCTS_DIR)/NetImage.app/NetImage";
			};
			name = Debug;
		};
		5783444F24E8ED500066EC6B /* Release */ = {
			isa = XCBuildConfiguration;
			baseConfigurationReference = 699C1C434EF977D5CF8A0C3E /* Pods-NetImageTests.release.xcconfig */;
			buildSettings = {
				BUNDLE_LOADER = "$(TEST_HOST)";
				CODE_SIGN_STYLE = Automatic;
				DEVELOPMENT_TEAM = J7DR2LJWWJ;
				INFOPLIST_FILE = NetImageTests/Info.plist;
				IPHONEOS_DEPLOYMENT_TARGET = 13.5;
				LD_RUNPATH_SEARCH_PATHS = (
					"$(inherited)",
					"@executable_path/Frameworks",
					"@loader_path/Frameworks",
				);
				PRODUCT_BUNDLE_IDENTIFIER = JSH.NetImageTests;
				PRODUCT_NAME = "$(TARGET_NAME)";
				TARGETED_DEVICE_FAMILY = "1,2";
				TEST_HOST = "$(BUILT_PRODUCTS_DIR)/NetImage.app/NetImage";
			};
			name = Release;
		};
		5783445124E8ED500066EC6B /* Debug */ = {
			isa = XCBuildConfiguration;
			baseConfigurationReference = 75A290202CA8644755E02B9A /* Pods-NetImage-NetImageUITests.debug.xcconfig */;
			buildSettings = {
				CODE_SIGN_STYLE = Automatic;
				DEVELOPMENT_TEAM = J7DR2LJWWJ;
				HEADER_SEARCH_PATHS = "\"${PODS_CONFIGURATION_BUILD_DIR}/SDWebImage/SDWebImage.framework/Headers\"";
				INFOPLIST_FILE = NetImageUITests/Info.plist;
				LD_RUNPATH_SEARCH_PATHS = (
					"$(inherited)",
					"@executable_path/Frameworks",
					"@loader_path/Frameworks",
				);
				PRODUCT_BUNDLE_IDENTIFIER = JSH.NetImageUITests;
				PRODUCT_NAME = "$(TARGET_NAME)";
				TARGETED_DEVICE_FAMILY = "1,2";
				TEST_TARGET_NAME = NetImage;
			};
			name = Debug;
		};
		5783445224E8ED500066EC6B /* Release */ = {
			isa = XCBuildConfiguration;
			baseConfigurationReference = FFDD80794A4CA79C791197D1 /* Pods-NetImage-NetImageUITests.release.xcconfig */;
			buildSettings = {
				CODE_SIGN_STYLE = Automatic;
				DEVELOPMENT_TEAM = J7DR2LJWWJ;
				HEADER_SEARCH_PATHS = "\"${PODS_CONFIGURATION_BUILD_DIR}/SDWebImage/SDWebImage.framework/Headers\"";
				INFOPLIST_FILE = NetImageUITests/Info.plist;
				LD_RUNPATH_SEARCH_PATHS = (
					"$(inherited)",
					"@executable_path/Frameworks",
					"@loader_path/Frameworks",
				);
				PRODUCT_BUNDLE_IDENTIFIER = JSH.NetImageUITests;
				PRODUCT_NAME = "$(TARGET_NAME)";
				TARGETED_DEVICE_FAMILY = "1,2";
				TEST_TARGET_NAME = NetImage;
			};
			name = Release;
		};
/* End XCBuildConfiguration section */

/* Begin XCConfigurationList section */
		5783441624E8ED4D0066EC6B /* Build configuration list for PBXProject "NetImage" */ = {
			isa = XCConfigurationList;
			buildConfigurations = (
				5783444824E8ED500066EC6B /* Debug */,
				5783444924E8ED500066EC6B /* Release */,
			);
			defaultConfigurationIsVisible = 0;
			defaultConfigurationName = Release;
		};
		5783444A24E8ED500066EC6B /* Build configuration list for PBXNativeTarget "NetImage" */ = {
			isa = XCConfigurationList;
			buildConfigurations = (
				5783444B24E8ED500066EC6B /* Debug */,
				5783444C24E8ED500066EC6B /* Release */,
			);
			defaultConfigurationIsVisible = 0;
			defaultConfigurationName = Release;
		};
		5783444D24E8ED500066EC6B /* Build configuration list for PBXNativeTarget "NetImageTests" */ = {
			isa = XCConfigurationList;
			buildConfigurations = (
				5783444E24E8ED500066EC6B /* Debug */,
				5783444F24E8ED500066EC6B /* Release */,
			);
			defaultConfigurationIsVisible = 0;
			defaultConfigurationName = Release;
		};
		5783445024E8ED500066EC6B /* Build configuration list for PBXNativeTarget "NetImageUITests" */ = {
			isa = XCConfigurationList;
			buildConfigurations = (
				5783445124E8ED500066EC6B /* Debug */,
				5783445224E8ED500066EC6B /* Release */,
			);
			defaultConfigurationIsVisible = 0;
			defaultConfigurationName = Release;
		};
/* End XCConfigurationList section */
	};
	rootObject = 5783441324E8ED4D0066EC6B /* Project object */;
}
