// !$*UTF8*$!
{
	archiveVersion = 1;
	classes = {
	};
	objectVersion = 50;
	objects = {

/* Begin PBXBuildFile section */
		5783442024E8ED4D0066EC6B /* AppDelegate.m in Sources */ = {isa = PBXBuildFile; fileRef = 5783441F24E8ED4D0066EC6B /* AppDelegate.m */; };
		5783442324E8ED4D0066EC6B /* SceneDelegate.m in Sources */ = {isa = PBXBuildFile; fileRef = 5783442224E8ED4D0066EC6B /* SceneDelegate.m */; };
		5783442624E8ED4D0066EC6B /* ViewController.m in Sources */ = {isa = PBXBuildFile; fileRef = 5783442524E8ED4D0066EC6B /* ViewController.m */; };
		5783442924E8ED4D0066EC6B /* Main.storyboard in Resources */ = {isa = PBXBuildFile; fileRef = 5783442724E8ED4D0066EC6B /* Main.storyboard */; };
		5783442B24E8ED500066EC6B /* Assets.xcassets in Resources */ = {isa = PBXBuildFile; fileRef = 5783442A24E8ED500066EC6B /* Assets.xcassets */; };
		5783442E24E8ED500066EC6B /* LaunchScreen.storyboard in Resources */ = {isa = PBXBuildFile; fileRef = 5783442C24E8ED500066EC6B /* LaunchScreen.storyboard */; };
		5783443124E8ED500066EC6B /* main.m in Sources */ = {isa = PBXBuildFile; fileRef = 5783443024E8ED500066EC6B /* main.m */; };
		5783443B24E8ED500066EC6B /* NetImageTests.m in Sources */ = {isa = PBXBuildFile; fileRef = 5783443A24E8ED500066EC6B /* NetImageTests.m */; };
		5783444624E8ED500066EC6B /* NetImageUITests.m in Sources */ = {isa = PBXBuildFile; fileRef = 5783444524E8ED500066EC6B /* NetImageUITests.m */; };
/* End PBXBuildFile section */

/* Begin PBXContainerItemProxy section */
		5783443724E8ED500066EC6B /* PBXContainerItemProxy */ = {
			isa = PBXContainerItemProxy;
			containerPortal = 5783441324E8ED4D0066EC6B /* Project object */;
			proxyType = 1;
			remoteGlobalIDString = 5783441A24E8ED4D0066EC6B;
			remoteInfo = NetImage;
		};
		5783444224E8ED500066EC6B /* PBXContainerItemProxy */ = {
			isa = PBXContainerItemProxy;
			containerPortal = 5783441324E8ED4D0066EC6B /* Project object */;
			proxyType = 1;
			remoteGlobalIDString = 5783441A24E8ED4D0066EC6B;
			remoteInfo = NetImage;
		};
/* End PBXContainerItemProxy section */

/* Begin PBXFileReference section */
		5783441B24E8ED4D0066EC6B /* NetImage.app */ = {isa = PBXFileReference; explicitFileType = wrapper.application; includeInIndex = 0; path = NetImage.app; sourceTree = BUILT_PRODUCTS_DIR; };
		5783441E24E8ED4D0066EC6B /* AppDelegate.h */ = {isa = PBXFileReference; lastKnownFileType = sourcecode.c.h; path = AppDelegate.h; sourceTree = "<group>"; };
		5783441F24E8ED4D0066EC6B /* AppDelegate.m */ = {isa = PBXFileReference; lastKnownFileType = sourcecode.c.objc; path = AppDelegate.m; sourceTree = "<group>"; };
		5783442124E8ED4D0066EC6B /* SceneDelegate.h */ = {isa = PBXFileReference; lastKnownFileType = sourcecode.c.h; path = SceneDelegate.h; sourceTree = "<group>"; };
		5783442224E8ED4D0066EC6B /* SceneDelegate.m */ = {isa = PBXFileReference; lastKnownFileType = sourcecode.c.objc; path = SceneDelegate.m; sourceTree = "<group>"; };
		5783442424E8ED4D0066EC6B /* ViewController.h */ = {isa = PBXFileReference; lastKnownFileType = sourcecode.c.h; path = ViewController.h; sourceTree = "<group>"; };
		5783442524E8ED4D0066EC6B /* ViewController.m */ = {isa = PBXFileReference; lastKnownFileType = sourcecode.c.objc; path = ViewController.m; sourceTree = "<group>"; };
		5783442824E8ED4D0066EC6B /* Base */ = {isa = PBXFileReference; lastKnownFileType = file.storyboard; name = Base; path = Base.lproj/Main.storyboard; sourceTree = "<group>"; };
		5783442A24E8ED500066EC6B /* Assets.xcassets */ = {isa = PBXFileReference; lastKnownFileType = folder.assetcatalog; path = Assets.xcassets; sourceTree = "<group>"; };
		5783442D24E8ED500066EC6B /* Base */ = {isa = PBXFileReference; lastKnownFileType = file.storyboard; name = Base; path = Base.lproj/LaunchScreen.storyboard; sourceTree = "<group>"; };
		5783442F24E8ED500066EC6B /* Info.plist */ = {isa = PBXFileReference; lastKnownFileType = text.plist.xml; path = Info.plist; sourceTree = "<group>"; };
		5783443024E8ED500066EC6B /* main.m */ = {isa = PBXFileReference; lastKnownFileType = sourcecode.c.objc; path = main.m; sourceTree = "<group>"; };
		5783443624E8ED500066EC6B /* NetImageTests.xctest */ = {isa = PBXFileReference; explicitFileType = wrapper.cfbundle; includeInIndex = 0; path = NetImageTests.xctest; sourceTree = BUILT_PRODUCTS_DIR; };
		5783443A24E8ED500066EC6B /* NetImageTests.m */ = {isa = PBXFileReference; lastKnownFileType = sourcecode.c.objc; path = NetImageTests.m; sourceTree = "<group>"; };
		5783443C24E8ED500066EC6B /* Info.plist */ = {isa = PBXFileReference; lastKnownFileType = text.plist.xml; path = Info.plist; sourceTree = "<group>"; };
		5783444124E8ED500066EC6B /* NetImageUITests.xctest */ = {isa = PBXFileReference; explicitFileType = wrapper.cfbundle; includeInIndex = 0; path = NetImageUITests.xctest; sourceTree = BUILT_PRODUCTS_DIR; };
		5783444524E8ED500066EC6B /* NetImageUITests.m */ = {isa = PBXFileReference; lastKnownFileType = sourcecode.c.objc; path = NetImageUITests.m; sourceTree = "<group>"; };
		5783444724E8ED500066EC6B /* Info.plist */ = {isa = PBXFileReference; lastKnownFileType = text.plist.xml; path = Info.plist; sourceTree = "<group>"; };
/* End PBXFileReference section */

/* Begin PBXFrameworksBuildPhase section */
		5783441824E8ED4D0066EC6B /* Frameworks */ = {
			isa = PBXFrameworksBuildPhase;
			buildActionMask = 2147483647;
			files = (
			);
			runOnlyForDeploymentPostprocessing = 0;
		};
		5783443324E8ED500066EC6B /* Frameworks */ = {
			isa = PBXFrameworksBuildPhase;
			buildActionMask = 2147483647;
			files = (
			);
			runOnlyForDeploymentPostprocessing = 0;
		};
		5783443E24E8ED500066EC6B /* Frameworks */ = {
			isa = PBXFrameworksBuildPhase;
			buildActionMask = 2147483647;
			files = (
			);
			runOnlyForDeploymentPostprocessing = 0;
		};
/* End PBXFrameworksBuildPhase section */

/* Begin PBXGroup section */
		5783441224E8ED4D0066EC6B = {
			isa = PBXGroup;
			children = (
				5783441D24E8ED4D0066EC6B /* NetImage */,
				5783443924E8ED500066EC6B /* NetImageTests */,
				5783444424E8ED500066EC6B /* NetImageUITests */,
				5783441C24E8ED4D0066EC6B /* Products */,
			);
			sourceTree = "<group>";
		};
		5783441C24E8ED4D0066EC6B /* Products */ = {
			isa = PBXGroup;
			children = (
				5783441B24E8ED4D0066EC6B /* NetImage.app */,
				5783443624E8ED500066EC6B /* NetImageTests.xctest */,
				5783444124E8ED500066EC6B /* NetImageUITests.xctest */,
			);
			name = Products;
			sourceTree = "<group>";
		};
		5783441D24E8ED4D0066EC6B /* NetImage */ = {
			isa = PBXGroup;
			children = (
				5783441E24E8ED4D0066EC6B /* AppDelegate.h */,
				5783441F24E8ED4D0066EC6B /* AppDelegate.m */,
				5783442124E8ED4D0066EC6B /* SceneDelegate.h */,
				5783442224E8ED4D0066EC6B /* SceneDelegate.m */,
				5783442424E8ED4D0066EC6B /* ViewController.h */,
				5783442524E8ED4D0066EC6B /* ViewController.m */,
				5783442724E8ED4D0066EC6B /* Main.storyboard */,
				5783442A24E8ED500066EC6B /* Assets.xcassets */,
				5783442C24E8ED500066EC6B /* LaunchScreen.storyboard */,
				5783442F24E8ED500066EC6B /* Info.plist */,
				5783443024E8ED500066EC6B /* main.m */,
			);
			path = NetImage;
			sourceTree = "<group>";
		};
		5783443924E8ED500066EC6B /* NetImageTests */ = {
			isa = PBXGroup;
			children = (
				5783443A24E8ED500066EC6B /* NetImageTests.m */,
				5783443C24E8ED500066EC6B /* Info.plist */,
			);
			path = NetImageTests;
			sourceTree = "<group>";
		};
		5783444424E8ED500066EC6B /* NetImageUITests */ = {
			isa = PBXGroup;
			children = (
				5783444524E8ED500066EC6B /* NetImageUITests.m */,
				5783444724E8ED500066EC6B /* Info.plist */,
			);
			path = NetImageUITests;
			sourceTree = "<group>";
		};
/* End PBXGroup section */

/* Begin PBXNativeTarget section */
		5783441A24E8ED4D0066EC6B /* NetImage */ = {
			isa = PBXNativeTarget;
			buildConfigurationList = 5783444A24E8ED500066EC6B /* Build configuration list for PBXNativeTarget "NetImage" */;
			buildPhases = (
				5783441724E8ED4D0066EC6B /* Sources */,
				5783441824E8ED4D0066EC6B /* Frameworks */,
				5783441924E8ED4D0066EC6B /* Resources */,
			);
			buildRules = (
			);
			dependencies = (
			);
			name = NetImage;
			productName = NetImage;
			productReference = 5783441B24E8ED4D0066EC6B /* NetImage.app */;
			productType = "com.apple.product-type.application";
		};
		5783443524E8ED500066EC6B /* NetImageTests */ = {
			isa = PBXNativeTarget;
			buildConfigurationList = 5783444D24E8ED500066EC6B /* Build configuration list for PBXNativeTarget "NetImageTests" */;
			buildPhases = (
				5783443224E8ED500066EC6B /* Sources */,
				5783443324E8ED500066EC6B /* Frameworks */,
				5783443424E8ED500066EC6B /* Resources */,
			);
			buildRules = (
			);
			dependencies = (
				5783443824E8ED500066EC6B /* PBXTargetDependency */,
			);
			name = NetImageTests;
			productName = NetImageTests;
			productReference = 5783443624E8ED500066EC6B /* NetImageTests.xctest */;
			productType = "com.apple.product-type.bundle.unit-test";
		};
		5783444024E8ED500066EC6B /* NetImageUITests */ = {
			isa = PBXNativeTarget;
			buildConfigurationList = 5783445024E8ED500066EC6B /* Build configuration list for PBXNativeTarget "NetImageUITests" */;
			buildPhases = (
				5783443D24E8ED500066EC6B /* Sources */,
				5783443E24E8ED500066EC6B /* Frameworks */,
				5783443F24E8ED500066EC6B /* Resources */,
			);
			buildRules = (
			);
			dependencies = (
				5783444324E8ED500066EC6B /* PBXTargetDependency */,
			);
			name = NetImageUITests;
			productName = NetImageUITests;
			productReference = 5783444124E8ED500066EC6B /* NetImageUITests.xctest */;
			productType = "com.apple.product-type.bundle.ui-testing";
		};
/* End PBXNativeTarget section */

/* Begin PBXProject section */
		5783441324E8ED4D0066EC6B /* Project object */ = {
			isa = PBXProject;
			attributes = {
				LastUpgradeCheck = 1150;
				ORGANIZATIONNAME = JSH;
				TargetAttributes = {
					5783441A24E8ED4D0066EC6B = {
						CreatedOnToolsVersion = 11.5;
					};
					5783443524E8ED500066EC6B = {
						CreatedOnToolsVersion = 11.5;
						TestTargetID = 5783441A24E8ED4D0066EC6B;
					};
					5783444024E8ED500066EC6B = {
						CreatedOnToolsVersion = 11.5;
						TestTargetID = 5783441A24E8ED4D0066EC6B;
					};
				};
			};
			buildConfigurationList = 5783441624E8ED4D0066EC6B /* Build configuration list for PBXProject "NetImage" */;
			compatibilityVersion = "Xcode 9.3";
			developmentRegion = en;
			hasScannedForEncodings = 0;
			knownRegions = (
				en,
				Base,
			);
			mainGroup = 5783441224E8ED4D0066EC6B;
			productRefGroup = 5783441C24E8ED4D0066EC6B /* Products */;
			projectDirPath = "";
			projectRoot = "";
			targets = (
				5783441A24E8ED4D0066EC6B /* NetImage */,
				5783443524E8ED500066EC6B /* NetImageTests */,
				5783444024E8ED500066EC6B /* NetImageUITests */,
			);
		};
/* End PBXProject section */

/* Begin PBXResourcesBuildPhase section */
		5783441924E8ED4D0066EC6B /* Resources */ = {
			isa = PBXResourcesBuildPhase;
			buildActionMask = 2147483647;
			files = (
				5783442E24E8ED500066EC6B /* LaunchScreen.storyboard in Resources */,
				5783442B24E8ED500066EC6B /* Assets.xcassets in Resources */,
				5783442924E8ED4D0066EC6B /* Main.storyboard in Resources */,
			);
			runOnlyForDeploymentPostprocessing = 0;
		};
		5783443424E8ED500066EC6B /* Resources */ = {
			isa = PBXResourcesBuildPhase;
			buildActionMask = 2147483647;
			files = (
			);
			runOnlyForDeploymentPostprocessing = 0;
		};
		5783443F24E8ED500066EC6B /* Resources */ = {
			isa = PBXResourcesBuildPhase;
			buildActionMask = 2147483647;
			files = (
			);
			runOnlyForDeploymentPostprocessing = 0;
		};
/* End PBXResourcesBuildPhase section */

/* Begin PBXSourcesBuildPhase section */
		5783441724E8ED4D0066EC6B /* Sources */ = {
			isa = PBXSourcesBuildPhase;
			buildActionMask = 2147483647;
			files = (
				5783442624E8ED4D0066EC6B /* ViewController.m in Sources */,
				5783442024E8ED4D0066EC6B /* AppDelegate.m in Sources */,
				5783443124E8ED500066EC6B /* main.m in Sources */,
				5783442324E8ED4D0066EC6B /* SceneDelegate.m in Sources */,
			);
			runOnlyForDeploymentPostprocessing = 0;
		};
		5783443224E8ED500066EC6B /* Sources */ = {
			isa = PBXSourcesBuildPhase;
			buildActionMask = 2147483647;
			files = (
				5783443B24E8ED500066EC6B /* NetImageTests.m in Sources */,
			);
			runOnlyForDeploymentPostprocessing = 0;
		};
		5783443D24E8ED500066EC6B /* Sources */ = {
			isa = PBXSourcesBuildPhase;
			buildActionMask = 2147483647;
			files = (
				5783444624E8ED500066EC6B /* NetImageUITests.m in Sources */,
			);
			runOnlyForDeploymentPostprocessing = 0;
		};
/* End PBXSourcesBuildPhase section */

/* Begin PBXTargetDependency section */
		5783443824E8ED500066EC6B /* PBXTargetDependency */ = {
			isa = PBXTargetDependency;
			target = 5783441A24E8ED4D0066EC6B /* NetImage */;
			targetProxy = 5783443724E8ED500066EC6B /* PBXContainerItemProxy */;
		};
		5783444324E8ED500066EC6B /* PBXTargetDependency */ = {
			isa = PBXTargetDependency;
			target = 5783441A24E8ED4D0066EC6B /* NetImage */;
			targetProxy = 5783444224E8ED500066EC6B /* PBXContainerItemProxy */;
		};
/* End PBXTargetDependency section */

/* Begin PBXVariantGroup section */
		5783442724E8ED4D0066EC6B /* Main.storyboard */ = {
			isa = PBXVariantGroup;
			children = (
				5783442824E8ED4D0066EC6B /* Base */,
			);
			name = Main.storyboard;
			sourceTree = "<group>";
		};
		5783442C24E8ED500066EC6B /* LaunchScreen.storyboard */ = {
			isa = PBXVariantGroup;
			children = (
				5783442D24E8ED500066EC6B /* Base */,
			);
			name = LaunchScreen.storyboard;
			sourceTree = "<group>";
		};
/* End PBXVariantGroup section */

/* Begin XCBuildConfiguration section */
		5783444824E8ED500066EC6B /* Debug */ = {
			isa = XCBuildConfiguration;
			buildSettings = {
				ALWAYS_SEARCH_USER_PATHS = NO;
				CLANG_ANALYZER_NONNULL = YES;
				CLANG_ANALYZER_NUMBER_OBJECT_CONVERSION = YES_AGGRESSIVE;
				CLANG_CXX_LANGUAGE_STANDARD = "gnu++14";
				CLANG_CXX_LIBRARY = "libc++";
				CLANG_ENABLE_MODULES = YES;
				CLANG_ENABLE_OBJC_ARC = YES;
				CLANG_ENABLE_OBJC_WEAK = YES;
				CLANG_WARN_BLOCK_CAPTURE_AUTORELEASING = YES;
				CLANG_WARN_BOOL_CONVERSION = YES;
				CLANG_WARN_COMMA = YES;
				CLANG_WARN_CONSTANT_CONVERSION = YES;
				CLANG_WARN_DEPRECATED_OBJC_IMPLEMENTATIONS = YES;
				CLANG_WARN_DIRECT_OBJC_ISA_USAGE = YES_ERROR;
				CLANG_WARN_DOCUMENTATION_COMMENTS = YES;
				CLANG_WARN_EMPTY_BODY = YES;
				CLANG_WARN_ENUM_CONVERSION = YES;
				CLANG_WARN_INFINITE_RECURSION = YES;
				CLANG_WARN_INT_CONVERSION = YES;
				CLANG_WARN_NON_LITERAL_NULL_CONVERSION = YES;
				CLANG_WARN_OBJC_IMPLICIT_RETAIN_SELF = YES;
				CLANG_WARN_OBJC_LITERAL_CONVERSION = YES;
				CLANG_WARN_OBJC_ROOT_CLASS = YES_ERROR;
				CLANG_WARN_RANGE_LOOP_ANALYSIS = YES;
				CLANG_WARN_STRICT_PROTOTYPES = YES;
				CLANG_WARN_SUSPICIOUS_MOVE = YES;
				CLANG_WARN_UNGUARDED_AVAILABILITY = YES_AGGRESSIVE;
				CLANG_WARN_UNREACHABLE_CODE = YES;
				CLANG_WARN__DUPLICATE_METHOD_MATCH = YES;
				COPY_PHASE_STRIP = NO;
				DEBUG_INFORMATION_FORMAT = dwarf;
				ENABLE_STRICT_OBJC_MSGSEND = YES;
				ENABLE_TESTABILITY = YES;
				GCC_C_LANGUAGE_STANDARD = gnu11;
				GCC_DYNAMIC_NO_PIC = NO;
				GCC_NO_COMMON_BLOCKS = YES;
				GCC_OPTIMIZATION_LEVEL = 0;
				GCC_PREPROCESSOR_DEFINITIONS = (
					"DEBUG=1",
					"$(inherited)",
				);
				GCC_WARN_64_TO_32_BIT_CONVERSION = YES;
				GCC_WARN_ABOUT_RETURN_TYPE = YES_ERROR;
				GCC_WARN_UNDECLARED_SELECTOR = YES;
				GCC_WARN_UNINITIALIZED_AUTOS = YES_AGGRESSIVE;
				GCC_WARN_UNUSED_FUNCTION = YES;
				GCC_WARN_UNUSED_VARIABLE = YES;
				IPHONEOS_DEPLOYMENT_TARGET = 13.5;
				MTL_ENABLE_DEBUG_INFO = INCLUDE_SOURCE;
				MTL_FAST_MATH = YES;
				ONLY_ACTIVE_ARCH = YES;
				SDKROOT = iphoneos;
			};
			name = Debug;
		};
		5783444924E8ED500066EC6B /* Release */ = {
			isa = XCBuildConfiguration;
			buildSettings = {
				ALWAYS_SEARCH_USER_PATHS = NO;
				CLANG_ANALYZER_NONNULL = YES;
				CLANG_ANALYZER_NUMBER_OBJECT_CONVERSION = YES_AGGRESSIVE;
				CLANG_CXX_LANGUAGE_STANDARD = "gnu++14";
				CLANG_CXX_LIBRARY = "libc++";
				CLANG_ENABLE_MODULES = YES;
				CLANG_ENABLE_OBJC_ARC = YES;
				CLANG_ENABLE_OBJC_WEAK = YES;
				CLANG_WARN_BLOCK_CAPTURE_AUTORELEASING = YES;
				CLANG_WARN_BOOL_CONVERSION = YES;
				CLANG_WARN_COMMA = YES;
				CLANG_WARN_CONSTANT_CONVERSION = YES;
				CLANG_WARN_DEPRECATED_OBJC_IMPLEMENTATIONS = YES;
				CLANG_WARN_DIRECT_OBJC_ISA_USAGE = YES_ERROR;
				CLANG_WARN_DOCUMENTATION_COMMENTS = YES;
				CLANG_WARN_EMPTY_BODY = YES;
				CLANG_WARN_ENUM_CONVERSION = YES;
				CLANG_WARN_INFINITE_RECURSION = YES;
				CLANG_WARN_INT_CONVERSION = YES;
				CLANG_WARN_NON_LITERAL_NULL_CONVERSION = YES;
				CLANG_WARN_OBJC_IMPLICIT_RETAIN_SELF = YES;
				CLANG_WARN_OBJC_LITERAL_CONVERSION = YES;
				CLANG_WARN_OBJC_ROOT_CLASS = YES_ERROR;
				CLANG_WARN_RANGE_LOOP_ANALYSIS = YES;
				CLANG_WARN_STRICT_PROTOTYPES = YES;
				CLANG_WARN_SUSPICIOUS_MOVE = YES;
				CLANG_WARN_UNGUARDED_AVAILABILITY = YES_AGGRESSIVE;
				CLANG_WARN_UNREACHABLE_CODE = YES;
				CLANG_WARN__DUPLICATE_METHOD_MATCH = YES;
				COPY_PHASE_STRIP = NO;
				DEBUG_INFORMATION_FORMAT = "dwarf-with-dsym";
				ENABLE_NS_ASSERTIONS = NO;
				ENABLE_STRICT_OBJC_MSGSEND = YES;
				GCC_C_LANGUAGE_STANDARD = gnu11;
				GCC_NO_COMMON_BLOCKS = YES;
				GCC_WARN_64_TO_32_BIT_CONVERSION = YES;
				GCC_WARN_ABOUT_RETURN_TYPE = YES_ERROR;
				GCC_WARN_UNDECLARED_SELECTOR = YES;
				GCC_WARN_UNINITIALIZED_AUTOS = YES_AGGRESSIVE;
				GCC_WARN_UNUSED_FUNCTION = YES;
				GCC_WARN_UNUSED_VARIABLE = YES;
				IPHONEOS_DEPLOYMENT_TARGET = 13.5;
				MTL_ENABLE_DEBUG_INFO = NO;
				MTL_FAST_MATH = YES;
				SDKROOT = iphoneos;
				VALIDATE_PRODUCT = YES;
			};
			name = Release;
		};
		5783444B24E8ED500066EC6B /* Debug */ = {
			isa = XCBuildConfiguration;
			buildSettings = {
				ASSETCATALOG_COMPILER_APPICON_NAME = AppIcon;
				CODE_SIGN_STYLE = Automatic;
				DEVELOPMENT_TEAM = J7DR2LJWWJ;
				INFOPLIST_FILE = NetImage/Info.plist;
				LD_RUNPATH_SEARCH_PATHS = (
					"$(inherited)",
					"@executable_path/Frameworks",
				);
				PRODUCT_BUNDLE_IDENTIFIER = JSH.NetImage;
				PRODUCT_NAME = "$(TARGET_NAME)";
				TARGETED_DEVICE_FAMILY = "1,2";
			};
			name = Debug;
		};
		5783444C24E8ED500066EC6B /* Release */ = {
			isa = XCBuildConfiguration;
			buildSettings = {
				ASSETCATALOG_COMPILER_APPICON_NAME = AppIcon;
				CODE_SIGN_STYLE = Automatic;
				DEVELOPMENT_TEAM = J7DR2LJWWJ;
				INFOPLIST_FILE = NetImage/Info.plist;
				LD_RUNPATH_SEARCH_PATHS = (
					"$(inherited)",
					"@executable_path/Frameworks",
				);
				PRODUCT_BUNDLE_IDENTIFIER = JSH.NetImage;
				PRODUCT_NAME = "$(TARGET_NAME)";
				TARGETED_DEVICE_FAMILY = "1,2";
			};
			name = Release;
		};
		5783444E24E8ED500066EC6B /* Debug */ = {
			isa = XCBuildConfiguration;
			buildSettings = {
				BUNDLE_LOADER = "$(TEST_HOST)";
				CODE_SIGN_STYLE = Automatic;
				DEVELOPMENT_TEAM = J7DR2LJWWJ;
				INFOPLIST_FILE = NetImageTests/Info.plist;
				IPHONEOS_DEPLOYMENT_TARGET = 13.5;
				LD_RUNPATH_SEARCH_PATHS = (
					"$(inherited)",
					"@executable_path/Frameworks",
					"@loader_path/Frameworks",
				);
				PRODUCT_BUNDLE_IDENTIFIER = JSH.NetImageTests;
				PRODUCT_NAME = "$(TARGET_NAME)";
				TARGETED_DEVICE_FAMILY = "1,2";
				TEST_HOST = "$(BUILT_PRODUCTS_DIR)/NetImage.app/NetImage";
			};
			name = Debug;
		};
		5783444F24E8ED500066EC6B /* Release */ = {
			isa = XCBuildConfiguration;
			buildSettings = {
				BUNDLE_LOADER = "$(TEST_HOST)";
				CODE_SIGN_STYLE = Automatic;
				DEVELOPMENT_TEAM = J7DR2LJWWJ;
				INFOPLIST_FILE = NetImageTests/Info.plist;
				IPHONEOS_DEPLOYMENT_TARGET = 13.5;
				LD_RUNPATH_SEARCH_PATHS = (
					"$(inherited)",
					"@executable_path/Frameworks",
					"@loader_path/Frameworks",
				);
				PRODUCT_BUNDLE_IDENTIFIER = JSH.NetImageTests;
				PRODUCT_NAME = "$(TARGET_NAME)";
				TARGETED_DEVICE_FAMILY = "1,2";
				TEST_HOST = "$(BUILT_PRODUCTS_DIR)/NetImage.app/NetImage";
			};
			name = Release;
		};
		5783445124E8ED500066EC6B /* Debug */ = {
			isa = XCBuildConfiguration;
			buildSettings = {
				CODE_SIGN_STYLE = Automatic;
				DEVELOPMENT_TEAM = J7DR2LJWWJ;
				INFOPLIST_FILE = NetImageUITests/Info.plist;
				LD_RUNPATH_SEARCH_PATHS = (
					"$(inherited)",
					"@executable_path/Frameworks",
					"@loader_path/Frameworks",
				);
				PRODUCT_BUNDLE_IDENTIFIER = JSH.NetImageUITests;
				PRODUCT_NAME = "$(TARGET_NAME)";
				TARGETED_DEVICE_FAMILY = "1,2";
				TEST_TARGET_NAME = NetImage;
			};
			name = Debug;
		};
		5783445224E8ED500066EC6B /* Release */ = {
			isa = XCBuildConfiguration;
			buildSettings = {
				CODE_SIGN_STYLE = Automatic;
				DEVELOPMENT_TEAM = J7DR2LJWWJ;
				INFOPLIST_FILE = NetImageUITests/Info.plist;
				LD_RUNPATH_SEARCH_PATHS = (
					"$(inherited)",
					"@executable_path/Frameworks",
					"@loader_path/Frameworks",
				);
				PRODUCT_BUNDLE_IDENTIFIER = JSH.NetImageUITests;
				PRODUCT_NAME = "$(TARGET_NAME)";
				TARGETED_DEVICE_FAMILY = "1,2";
				TEST_TARGET_NAME = NetImage;
			};
			name = Release;
		};
/* End XCBuildConfiguration section */

/* Begin XCConfigurationList section */
		5783441624E8ED4D0066EC6B /* Build configuration list for PBXProject "NetImage" */ = {
			isa = XCConfigurationList;
			buildConfigurations = (
				5783444824E8ED500066EC6B /* Debug */,
				5783444924E8ED500066EC6B /* Release */,
			);
			defaultConfigurationIsVisible = 0;
			defaultConfigurationName = Release;
		};
		5783444A24E8ED500066EC6B /* Build configuration list for PBXNativeTarget "NetImage" */ = {
			isa = XCConfigurationList;
			buildConfigurations = (
				5783444B24E8ED500066EC6B /* Debug */,
				5783444C24E8ED500066EC6B /* Release */,
			);
			defaultConfigurationIsVisible = 0;
			defaultConfigurationName = Release;
		};
		5783444D24E8ED500066EC6B /* Build configuration list for PBXNativeTarget "NetImageTests" */ = {
			isa = XCConfigurationList;
			buildConfigurations = (
				5783444E24E8ED500066EC6B /* Debug */,
				5783444F24E8ED500066EC6B /* Release */,
			);
			defaultConfigurationIsVisible = 0;
			defaultConfigurationName = Release;
		};
		5783445024E8ED500066EC6B /* Build configuration list for PBXNativeTarget "NetImageUITests" */ = {
			isa = XCConfigurationList;
			buildConfigurations = (
				5783445124E8ED500066EC6B /* Debug */,
				5783445224E8ED500066EC6B /* Release */,
			);
			defaultConfigurationIsVisible = 0;
			defaultConfigurationName = Release;
		};
/* End XCConfigurationList section */
	};
	rootObject = 5783441324E8ED4D0066EC6B /* Project object */;
}
